# THIS IS AN AUTOGENERATED FILE. DO NOT EDIT THIS FILE DIRECTLY.
# yarn lockfile v1


"@react-native-community/async-storage@^1.8.1":
  version "1.8.1"
  resolved "https://registry.yarnpkg.com/@react-native-community/async-storage/-/async-storage-1.8.1.tgz#c93e69dcf948667b207e409b8039b7edf199159b"
  integrity sha512-MA1fTp4SB7OOtDmNAwds6jIpiwwty1NIoFboWjEWkoyWW35zIuxlhHxD4joSy21aWEzUVwvv6JJ2hSsP/HTb7A==

"@types/node@^13.9.3":
  version "13.9.3"
  resolved "https://registry.yarnpkg.com/@types/node/-/node-13.9.3.tgz#6356df2647de9eac569f9a52eda3480fa9e70b4d"
  integrity sha512-01s+ac4qerwd6RHD+mVbOEsraDHSgUaefQlEdBbUolnQFjKwCr7luvAlEwW1RFojh67u0z4OUTjPn9LEl4zIkA==

lepont@^0.8.3:
  version "0.8.3"
  resolved "https://registry.yarnpkg.com/lepont/-/lepont-0.8.3.tgz#6d28a57337671dc1dab7124455130872b6103f9d"
  integrity sha512-X0KIUTggo76hZfpsooJiGeZX8DoJ53vB97b2VkPqq39MZZ2eZHtUrXVF/RXmbj3QdDvzt0M+mO3ZO/nfBht2ug==

prettier@^2.0.2:
  version "2.0.2"
  resolved "https://registry.yarnpkg.com/prettier/-/prettier-2.0.2.tgz#1ba8f3eb92231e769b7fcd7cb73ae1b6b74ade08"
  integrity sha512-5xJQIPT8BraI7ZnaDwSbu5zLrB6vvi8hVV58yHQ+QK64qrY40dULy0HSRlQ2/2IdzeBpjhDkqdcFBnFeDEMVdg==

typescript@^3.8.3:
  version "3.8.3"
  resolved "https://registry.yarnpkg.com/typescript/-/typescript-3.8.3.tgz#409eb8544ea0335711205869ec458ab109ee1061"
  integrity sha512-MYlEfn5VrLNsgudQTVJeNaQFUAI7DkhnOjdpAp4T+ku1TfQClewlbSuTVHiA+8skNBgaf02TL/kLOvig4y3G8w==
